
Microsoft Visual Studio Solution File, Format Version 12.00
# Visual Studio Version 17
VisualStudioVersion = 17.0.31903.59
MinimumVisualStudioVersion = 10.0.40219.1
Project("{FAE04EC0-301F-11D3-BF4B-00C04F79EFBC}") = "EVotingSystem.Api", "EVotingSystem.Api\EVotingSystem.Api.csproj", "{3572585F-A5DA-4508-869B-3679D890C063}"
EndProject
Project("{FAE04EC0-301F-11D3-BF4B-00C04F79EFBC}") = "EVotingSystem.Database", "EVotingSystem.Database\EVotingSystem.Database.csproj", "{42109218-052C-47ED-B81F-F7D21BE0AD51}"
EndProject
Project("{FAE04EC0-301F-11D3-BF4B-00C04F79EFBC}") = "EVotingSystem.Services", "EVotingSystem.Services\EVotingSystem.Services.csproj", "{4E5F3050-2D55-44A8-88C5-BA479E26CDEC}"
EndProject
Project("{FAE04EC0-301F-11D3-BF4B-00C04F79EFBC}") = "EVotingSystem.Contracts", "EVotingSystem.Contracts\EVotingSystem.Contracts.csproj", "{A5BD034A-AA6B-4F68-AC6E-EC0E5EA73C1B}"
EndProject
Project("{FAE04EC0-301F-11D3-BF4B-00C04F79EFBC}") = "EVotingSystem.Repositories", "EVotingSystem.Repositories\EVotingSystem.Repositories.csproj", "{AED204E8-649F-49DB-ACB9-E9F51A94E806}"
EndProject
Global
	GlobalSection(SolutionConfigurationPlatforms) = preSolution
		Debug|Any CPU = Debug|Any CPU
		Release|Any CPU = Release|Any CPU
	EndGlobalSection
	GlobalSection(SolutionProperties) = preSolution
		HideSolutionNode = FALSE
	EndGlobalSection
	GlobalSection(ProjectConfigurationPlatforms) = postSolution
		{3572585F-A5DA-4508-869B-3679D890C063}.Debug|Any CPU.ActiveCfg = Debug|Any CPU
		{3572585F-A5DA-4508-869B-3679D890C063}.Debug|Any CPU.Build.0 = Debug|Any CPU
		{3572585F-A5DA-4508-869B-3679D890C063}.Release|Any CPU.ActiveCfg = Release|Any CPU
		{3572585F-A5DA-4508-869B-3679D890C063}.Release|Any CPU.Build.0 = Release|Any CPU
		{42109218-052C-47ED-B81F-F7D21BE0AD51}.Debug|Any CPU.ActiveCfg = Debug|Any CPU
		{42109218-052C-47ED-B81F-F7D21BE0AD51}.Debug|Any CPU.Build.0 = Debug|Any CPU
		{42109218-052C-47ED-B81F-F7D21BE0AD51}.Release|Any CPU.ActiveCfg = Release|Any CPU
		{42109218-052C-47ED-B81F-F7D21BE0AD51}.Release|Any CPU.Build.0 = Release|Any CPU
		{4E5F3050-2D55-44A8-88C5-BA479E26CDEC}.Debug|Any CPU.ActiveCfg = Debug|Any CPU
		{4E5F3050-2D55-44A8-88C5-BA479E26CDEC}.Debug|Any CPU.Build.0 = Debug|Any CPU
		{4E5F3050-2D55-44A8-88C5-BA479E26CDEC}.Release|Any CPU.ActiveCfg = Release|Any CPU
		{4E5F3050-2D55-44A8-88C5-BA479E26CDEC}.Release|Any CPU.Build.0 = Release|Any CPU
		{A5BD034A-AA6B-4F68-AC6E-EC0E5EA73C1B}.Debug|Any CPU.ActiveCfg = Debug|Any CPU
		{A5BD034A-AA6B-4F68-AC6E-EC0E5EA73C1B}.Debug|Any CPU.Build.0 = Debug|Any CPU
		{A5BD034A-AA6B-4F68-AC6E-EC0E5EA73C1B}.Release|Any CPU.ActiveCfg = Release|Any CPU
		{A5BD034A-AA6B-4F68-AC6E-EC0E5EA73C1B}.Release|Any CPU.Build.0 = Release|Any CPU
		{AED204E8-649F-49DB-ACB9-E9F51A94E806}.Debug|Any CPU.ActiveCfg = Debug|Any CPU
		{AED204E8-649F-49DB-ACB9-E9F51A94E806}.Debug|Any CPU.Build.0 = Debug|Any CPU
		{AED204E8-649F-49DB-ACB9-E9F51A94E806}.Release|Any CPU.ActiveCfg = Release|Any CPU
		{AED204E8-649F-49DB-ACB9-E9F51A94E806}.Release|Any CPU.Build.0 = Release|Any CPU
	EndGlobalSection
EndGlobal
